
Microsoft Visual Studio Solution File, Format Version 12.00
# Visual Studio Version 17
VisualStudioVersion = 17.0.32126.317
MinimumVisualStudioVersion = 10.0.40219.1
Project("{9A19103F-16F7-4668-BE54-9A1E7A4F7556}") = "Entities", "Entities\Entities.csproj", "{40903806-569B-47FC-9D46-3C071291258C}"
EndProject
Project("{9A19103F-16F7-4668-BE54-9A1E7A4F7556}") = "DataAccess", "DataAccess\DataAccess.csproj", "{26D1B99B-1A61-4966-A4C0-8BA82DBDEA76}"
EndProject
Project("{9A19103F-16F7-4668-BE54-9A1E7A4F7556}") = "Business", "Business\Business.csproj", "{639A70A2-99BF-436D-8F8F-C190174B8608}"
EndProject
Project("{FAE04EC0-301F-11D3-BF4B-00C04F79EFBC}") = "ConsoleApp", "ConsoleApp\ConsoleApp.csproj", "{4D3678DA-3CCA-4383-903D-028F16F7A6F3}"
EndProject
Global
	GlobalSection(SolutionConfigurationPlatforms) = preSolution
		Debug|Any CPU = Debug|Any CPU
		Release|Any CPU = Release|Any CPU
	EndGlobalSection
	GlobalSection(ProjectConfigurationPlatforms) = postSolution
		{40903806-569B-47FC-9D46-3C071291258C}.Debug|Any CPU.ActiveCfg = Debug|Any CPU
		{40903806-569B-47FC-9D46-3C071291258C}.Debug|Any CPU.Build.0 = Debug|Any CPU
		{40903806-569B-47FC-9D46-3C071291258C}.Release|Any CPU.ActiveCfg = Release|Any CPU
		{40903806-569B-47FC-9D46-3C071291258C}.Release|Any CPU.Build.0 = Release|Any CPU
		{26D1B99B-1A61-4966-A4C0-8BA82DBDEA76}.Debug|Any CPU.ActiveCfg = Debug|Any CPU
		{26D1B99B-1A61-4966-A4C0-8BA82DBDEA76}.Debug|Any CPU.Build.0 = Debug|Any CPU
		{26D1B99B-1A61-4966-A4C0-8BA82DBDEA76}.Release|Any CPU.ActiveCfg = Release|Any CPU
		{26D1B99B-1A61-4966-A4C0-8BA82DBDEA76}.Release|Any CPU.Build.0 = Release|Any CPU
		{639A70A2-99BF-436D-8F8F-C190174B8608}.Debug|Any CPU.ActiveCfg = Debug|Any CPU
		{639A70A2-99BF-436D-8F8F-C190174B8608}.Debug|Any CPU.Build.0 = Debug|Any CPU
		{639A70A2-99BF-436D-8F8F-C190174B8608}.Release|Any CPU.ActiveCfg = Release|Any CPU
		{639A70A2-99BF-436D-8F8F-C190174B8608}.Release|Any CPU.Build.0 = Release|Any CPU
		{4D3678DA-3CCA-4383-903D-028F16F7A6F3}.Debug|Any CPU.ActiveCfg = Debug|Any CPU
		{4D3678DA-3CCA-4383-903D-028F16F7A6F3}.Debug|Any CPU.Build.0 = Debug|Any CPU
		{4D3678DA-3CCA-4383-903D-028F16F7A6F3}.Release|Any CPU.ActiveCfg = Release|Any CPU
		{4D3678DA-3CCA-4383-903D-028F16F7A6F3}.Release|Any CPU.Build.0 = Release|Any CPU
	EndGlobalSection
	GlobalSection(SolutionProperties) = preSolution
		HideSolutionNode = FALSE
	EndGlobalSection
	GlobalSection(ExtensibilityGlobals) = postSolution
		SolutionGuid = {DD84E847-B062-4238-9325-C388B64A9198}
	EndGlobalSection
EndGlobal
